// !$*UTF8*$!
{
	archiveVersion = 1;
	classes = {
	};
	objectVersion = 50;
	objects = {

/* Begin PBXBuildFile section */
		87603107214AC7CA00D726CA /* AppDelegate.swift in Sources */ = {isa = PBXBuildFile; fileRef = 87603106214AC7CA00D726CA /* AppDelegate.swift */; };
		87603109214AC7CA00D726CA /* ViewController.swift in Sources */ = {isa = PBXBuildFile; fileRef = 87603108214AC7CA00D726CA /* ViewController.swift */; };
		8760310C214AC7CA00D726CA /* Main.storyboard in Resources */ = {isa = PBXBuildFile; fileRef = 8760310A214AC7CA00D726CA /* Main.storyboard */; };
		8760310F214AC7CA00D726CA /* MoviesTonight.xcdatamodeld in Sources */ = {isa = PBXBuildFile; fileRef = 8760310D214AC7CA00D726CA /* MoviesTonight.xcdatamodeld */; };
		87603111214AC7CC00D726CA /* Assets.xcassets in Resources */ = {isa = PBXBuildFile; fileRef = 87603110214AC7CC00D726CA /* Assets.xcassets */; };
		87603114214AC7CC00D726CA /* LaunchScreen.storyboard in Resources */ = {isa = PBXBuildFile; fileRef = 87603112214AC7CC00D726CA /* LaunchScreen.storyboard */; };
		8760311F214AC7CC00D726CA /* MoviesTonightTests.swift in Sources */ = {isa = PBXBuildFile; fileRef = 8760311E214AC7CC00D726CA /* MoviesTonightTests.swift */; };
/* End PBXBuildFile section */

/* Begin PBXContainerItemProxy section */
		8760311B214AC7CC00D726CA /* PBXContainerItemProxy */ = {
			isa = PBXContainerItemProxy;
			containerPortal = 876030FB214AC7CA00D726CA /* Project object */;
			proxyType = 1;
			remoteGlobalIDString = 87603102214AC7CA00D726CA;
			remoteInfo = MoviesTonight;
		};
/* End PBXContainerItemProxy section */

/* Begin PBXFileReference section */
		87603103214AC7CA00D726CA /* MoviesTonight.app */ = {isa = PBXFileReference; explicitFileType = wrapper.application; includeInIndex = 0; path = MoviesTonight.app; sourceTree = BUILT_PRODUCTS_DIR; };
		87603106214AC7CA00D726CA /* AppDelegate.swift */ = {isa = PBXFileReference; lastKnownFileType = sourcecode.swift; path = AppDelegate.swift; sourceTree = "<group>"; };
		87603108214AC7CA00D726CA /* ViewController.swift */ = {isa = PBXFileReference; lastKnownFileType = sourcecode.swift; path = ViewController.swift; sourceTree = "<group>"; };
		8760310B214AC7CA00D726CA /* Base */ = {isa = PBXFileReference; lastKnownFileType = file.storyboard; name = Base; path = Base.lproj/Main.storyboard; sourceTree = "<group>"; };
		8760310E214AC7CA00D726CA /* MoviesTonight.xcdatamodel */ = {isa = PBXFileReference; lastKnownFileType = wrapper.xcdatamodel; path = MoviesTonight.xcdatamodel; sourceTree = "<group>"; };
		87603110214AC7CC00D726CA /* Assets.xcassets */ = {isa = PBXFileReference; lastKnownFileType = folder.assetcatalog; path = Assets.xcassets; sourceTree = "<group>"; };
		87603113214AC7CC00D726CA /* Base */ = {isa = PBXFileReference; lastKnownFileType = file.storyboard; name = Base; path = Base.lproj/LaunchScreen.storyboard; sourceTree = "<group>"; };
		87603115214AC7CC00D726CA /* Info.plist */ = {isa = PBXFileReference; lastKnownFileType = text.plist.xml; path = Info.plist; sourceTree = "<group>"; };
		8760311A214AC7CC00D726CA /* MoviesTonightTests.xctest */ = {isa = PBXFileReference; explicitFileType = wrapper.cfbundle; includeInIndex = 0; path = MoviesTonightTests.xctest; sourceTree = BUILT_PRODUCTS_DIR; };
		8760311E214AC7CC00D726CA /* MoviesTonightTests.swift */ = {isa = PBXFileReference; lastKnownFileType = sourcecode.swift; path = MoviesTonightTests.swift; sourceTree = "<group>"; };
		87603120214AC7CC00D726CA /* Info.plist */ = {isa = PBXFileReference; lastKnownFileType = text.plist.xml; path = Info.plist; sourceTree = "<group>"; };
/* End PBXFileReference section */

/* Begin PBXFrameworksBuildPhase section */
		87603100214AC7CA00D726CA /* Frameworks */ = {
			isa = PBXFrameworksBuildPhase;
			buildActionMask = 2147483647;
			files = (
			);
			runOnlyForDeploymentPostprocessing = 0;
		};
		87603117214AC7CC00D726CA /* Frameworks */ = {
			isa = PBXFrameworksBuildPhase;
			buildActionMask = 2147483647;
			files = (
			);
			runOnlyForDeploymentPostprocessing = 0;
		};
/* End PBXFrameworksBuildPhase section */

/* Begin PBXGroup section */
		876030FA214AC7CA00D726CA = {
			isa = PBXGroup;
			children = (
				87603105214AC7CA00D726CA /* MoviesTonight */,
				8760311D214AC7CC00D726CA /* MoviesTonightTests */,
				87603104214AC7CA00D726CA /* Products */,
			);
			sourceTree = "<group>";
		};
		87603104214AC7CA00D726CA /* Products */ = {
			isa = PBXGroup;
			children = (
				87603103214AC7CA00D726CA /* MoviesTonight.app */,
				8760311A214AC7CC00D726CA /* MoviesTonightTests.xctest */,
			);
			name = Products;
			sourceTree = "<group>";
		};
		87603105214AC7CA00D726CA /* MoviesTonight */ = {
			isa = PBXGroup;
			children = (
				87603106214AC7CA00D726CA /* AppDelegate.swift */,
				87603108214AC7CA00D726CA /* ViewController.swift */,
				8760310A214AC7CA00D726CA /* Main.storyboard */,
				87603110214AC7CC00D726CA /* Assets.xcassets */,
				87603112214AC7CC00D726CA /* LaunchScreen.storyboard */,
				87603115214AC7CC00D726CA /* Info.plist */,
				8760310D214AC7CA00D726CA /* MoviesTonight.xcdatamodeld */,
			);
			path = MoviesTonight;
			sourceTree = "<group>";
		};
		8760311D214AC7CC00D726CA /* MoviesTonightTests */ = {
			isa = PBXGroup;
			children = (
				8760311E214AC7CC00D726CA /* MoviesTonightTests.swift */,
				87603120214AC7CC00D726CA /* Info.plist */,
			);
			path = MoviesTonightTests;
			sourceTree = "<group>";
		};
/* End PBXGroup section */

/* Begin PBXNativeTarget section */
		87603102214AC7CA00D726CA /* MoviesTonight */ = {
			isa = PBXNativeTarget;
			buildConfigurationList = 87603123214AC7CC00D726CA /* Build configuration list for PBXNativeTarget "MoviesTonight" */;
			buildPhases = (
				876030FF214AC7CA00D726CA /* Sources */,
				87603100214AC7CA00D726CA /* Frameworks */,
				87603101214AC7CA00D726CA /* Resources */,
			);
			buildRules = (
			);
			dependencies = (
			);
			name = MoviesTonight;
			productName = MoviesTonight;
			productReference = 87603103214AC7CA00D726CA /* MoviesTonight.app */;
			productType = "com.apple.product-type.application";
		};
		87603119214AC7CC00D726CA /* MoviesTonightTests */ = {
			isa = PBXNativeTarget;
			buildConfigurationList = 87603126214AC7CC00D726CA /* Build configuration list for PBXNativeTarget "MoviesTonightTests" */;
			buildPhases = (
				87603116214AC7CC00D726CA /* Sources */,
				87603117214AC7CC00D726CA /* Frameworks */,
				87603118214AC7CC00D726CA /* Resources */,
			);
			buildRules = (
			);
			dependencies = (
				8760311C214AC7CC00D726CA /* PBXTargetDependency */,
			);
			name = MoviesTonightTests;
			productName = MoviesTonightTests;
			productReference = 8760311A214AC7CC00D726CA /* MoviesTonightTests.xctest */;
			productType = "com.apple.product-type.bundle.unit-test";
		};
/* End PBXNativeTarget section */

/* Begin PBXProject section */
		876030FB214AC7CA00D726CA /* Project object */ = {
			isa = PBXProject;
			attributes = {
				LastSwiftUpdateCheck = 1000;
				LastUpgradeCheck = 1000;
				ORGANIZATIONNAME = Pawan;
				TargetAttributes = {
					87603102214AC7CA00D726CA = {
						CreatedOnToolsVersion = 10.0;
					};
					87603119214AC7CC00D726CA = {
						CreatedOnToolsVersion = 10.0;
						TestTargetID = 87603102214AC7CA00D726CA;
					};
				};
			};
			buildConfigurationList = 876030FE214AC7CA00D726CA /* Build configuration list for PBXProject "MoviesTonight" */;
			compatibilityVersion = "Xcode 9.3";
			developmentRegion = en;
			hasScannedForEncodings = 0;
			knownRegions = (
				en,
				Base,
			);
			mainGroup = 876030FA214AC7CA00D726CA;
			productRefGroup = 87603104214AC7CA00D726CA /* Products */;
			projectDirPath = "";
			projectRoot = "";
			targets = (
				87603102214AC7CA00D726CA /* MoviesTonight */,
				87603119214AC7CC00D726CA /* MoviesTonightTests */,
			);
		};
/* End PBXProject section */

/* Begin PBXResourcesBuildPhase section */
		87603101214AC7CA00D726CA /* Resources */ = {
			isa = PBXResourcesBuildPhase;
			buildActionMask = 2147483647;
			files = (
				87603114214AC7CC00D726CA /* LaunchScreen.storyboard in Resources */,
				87603111214AC7CC00D726CA /* Assets.xcassets in Resources */,
				8760310C214AC7CA00D726CA /* Main.storyboard in Resources */,
			);
			runOnlyForDeploymentPostprocessing = 0;
		};
		87603118214AC7CC00D726CA /* Resources */ = {
			isa = PBXResourcesBuildPhase;
			buildActionMask = 2147483647;
			files = (
			);
			runOnlyForDeploymentPostprocessing = 0;
		};
/* End PBXResourcesBuildPhase section */

/* Begin PBXSourcesBuildPhase section */
		876030FF214AC7CA00D726CA /* Sources */ = {
			isa = PBXSourcesBuildPhase;
			buildActionMask = 2147483647;
			files = (
				8760310F214AC7CA00D726CA /* MoviesTonight.xcdatamodeld in Sources */,
				87603109214AC7CA00D726CA /* ViewController.swift in Sources */,
				87603107214AC7CA00D726CA /* AppDelegate.swift in Sources */,
			);
			runOnlyForDeploymentPostprocessing = 0;
		};
		87603116214AC7CC00D726CA /* Sources */ = {
			isa = PBXSourcesBuildPhase;
			buildActionMask = 2147483647;
			files = (
				8760311F214AC7CC00D726CA /* MoviesTonightTests.swift in Sources */,
			);
			runOnlyForDeploymentPostprocessing = 0;
		};
/* End PBXSourcesBuildPhase section */

/* Begin PBXTargetDependency section */
		8760311C214AC7CC00D726CA /* PBXTargetDependency */ = {
			isa = PBXTargetDependency;
			target = 87603102214AC7CA00D726CA /* MoviesTonight */;
			targetProxy = 8760311B214AC7CC00D726CA /* PBXContainerItemProxy */;
		};
/* End PBXTargetDependency section */

/* Begin PBXVariantGroup section */
		8760310A214AC7CA00D726CA /* Main.storyboard */ = {
			isa = PBXVariantGroup;
			children = (
				8760310B214AC7CA00D726CA /* Base */,
			);
			name = Main.storyboard;
			sourceTree = "<group>";
		};
		87603112214AC7CC00D726CA /* LaunchScreen.storyboard */ = {
			isa = PBXVariantGroup;
			children = (
				87603113214AC7CC00D726CA /* Base */,
			);
			name = LaunchScreen.storyboard;
			sourceTree = "<group>";
		};
/* End PBXVariantGroup section */

/* Begin XCBuildConfiguration section */
		87603121214AC7CC00D726CA /* Debug */ = {
			isa = XCBuildConfiguration;
			buildSettings = {
				ALWAYS_SEARCH_USER_PATHS = NO;
				CLANG_ANALYZER_NONNULL = YES;
				CLANG_ANALYZER_NUMBER_OBJECT_CONVERSION = YES_AGGRESSIVE;
				CLANG_CXX_LANGUAGE_STANDARD = "gnu++14";
				CLANG_CXX_LIBRARY = "libc++";
				CLANG_ENABLE_MODULES = YES;
				CLANG_ENABLE_OBJC_ARC = YES;
				CLANG_ENABLE_OBJC_WEAK = YES;
				CLANG_WARN_BLOCK_CAPTURE_AUTORELEASING = YES;
				CLANG_WARN_BOOL_CONVERSION = YES;
				CLANG_WARN_COMMA = YES;
				CLANG_WARN_CONSTANT_CONVERSION = YES;
				CLANG_WARN_DEPRECATED_OBJC_IMPLEMENTATIONS = YES;
				CLANG_WARN_DIRECT_OBJC_ISA_USAGE = YES_ERROR;
				CLANG_WARN_DOCUMENTATION_COMMENTS = YES;
				CLANG_WARN_EMPTY_BODY = YES;
				CLANG_WARN_ENUM_CONVERSION = YES;
				CLANG_WARN_INFINITE_RECURSION = YES;
				CLANG_WARN_INT_CONVERSION = YES;
				CLANG_WARN_NON_LITERAL_NULL_CONVERSION = YES;
				CLANG_WARN_OBJC_IMPLICIT_RETAIN_SELF = YES;
				CLANG_WARN_OBJC_LITERAL_CONVERSION = YES;
				CLANG_WARN_OBJC_ROOT_CLASS = YES_ERROR;
				CLANG_WARN_RANGE_LOOP_ANALYSIS = YES;
				CLANG_WARN_STRICT_PROTOTYPES = YES;
				CLANG_WARN_SUSPICIOUS_MOVE = YES;
				CLANG_WARN_UNGUARDED_AVAILABILITY = YES_AGGRESSIVE;
				CLANG_WARN_UNREACHABLE_CODE = YES;
				CLANG_WARN__DUPLICATE_METHOD_MATCH = YES;
				CODE_SIGN_IDENTITY = "iPhone Developer";
				COPY_PHASE_STRIP = NO;
				DEBUG_INFORMATION_FORMAT = dwarf;
				ENABLE_STRICT_OBJC_MSGSEND = YES;
				ENABLE_TESTABILITY = YES;
				GCC_C_LANGUAGE_STANDARD = gnu11;
				GCC_DYNAMIC_NO_PIC = NO;
				GCC_NO_COMMON_BLOCKS = YES;
				GCC_OPTIMIZATION_LEVEL = 0;
				GCC_PREPROCESSOR_DEFINITIONS = (
					"DEBUG=1",
					"$(inherited)",
				);
				GCC_WARN_64_TO_32_BIT_CONVERSION = YES;
				GCC_WARN_ABOUT_RETURN_TYPE = YES_ERROR;
				GCC_WARN_UNDECLARED_SELECTOR = YES;
				GCC_WARN_UNINITIALIZED_AUTOS = YES_AGGRESSIVE;
				GCC_WARN_UNUSED_FUNCTION = YES;
				GCC_WARN_UNUSED_VARIABLE = YES;
				IPHONEOS_DEPLOYMENT_TARGET = 12.0;
				MTL_ENABLE_DEBUG_INFO = INCLUDE_SOURCE;
				MTL_FAST_MATH = YES;
				ONLY_ACTIVE_ARCH = YES;
				SDKROOT = iphoneos;
				SWIFT_ACTIVE_COMPILATION_CONDITIONS = DEBUG;
				SWIFT_OPTIMIZATION_LEVEL = "-Onone";
			};
			name = Debug;
		};
		87603122214AC7CC00D726CA /* Release */ = {
			isa = XCBuildConfiguration;
			buildSettings = {
				ALWAYS_SEARCH_USER_PATHS = NO;
				CLANG_ANALYZER_NONNULL = YES;
				CLANG_ANALYZER_NUMBER_OBJECT_CONVERSION = YES_AGGRESSIVE;
				CLANG_CXX_LANGUAGE_STANDARD = "gnu++14";
				CLANG_CXX_LIBRARY = "libc++";
				CLANG_ENABLE_MODULES = YES;
				CLANG_ENABLE_OBJC_ARC = YES;
				CLANG_ENABLE_OBJC_WEAK = YES;
				CLANG_WARN_BLOCK_CAPTURE_AUTORELEASING = YES;
				CLANG_WARN_BOOL_CONVERSION = YES;
				CLANG_WARN_COMMA = YES;
				CLANG_WARN_CONSTANT_CONVERSION = YES;
				CLANG_WARN_DEPRECATED_OBJC_IMPLEMENTATIONS = YES;
				CLANG_WARN_DIRECT_OBJC_ISA_USAGE = YES_ERROR;
				CLANG_WARN_DOCUMENTATION_COMMENTS = YES;
				CLANG_WARN_EMPTY_BODY = YES;
				CLANG_WARN_ENUM_CONVERSION = YES;
				CLANG_WARN_INFINITE_RECURSION = YES;
				CLANG_WARN_INT_CONVERSION = YES;
				CLANG_WARN_NON_LITERAL_NULL_CONVERSION = YES;
				CLANG_WARN_OBJC_IMPLICIT_RETAIN_SELF = YES;
				CLANG_WARN_OBJC_LITERAL_CONVERSION = YES;
				CLANG_WARN_OBJC_ROOT_CLASS = YES_ERROR;
				CLANG_WARN_RANGE_LOOP_ANALYSIS = YES;
				CLANG_WARN_STRICT_PROTOTYPES = YES;
				CLANG_WARN_SUSPICIOUS_MOVE = YES;
				CLANG_WARN_UNGUARDED_AVAILABILITY = YES_AGGRESSIVE;
				CLANG_WARN_UNREACHABLE_CODE = YES;
				CLANG_WARN__DUPLICATE_METHOD_MATCH = YES;
				CODE_SIGN_IDENTITY = "iPhone Developer";
				COPY_PHASE_STRIP = NO;
				DEBUG_INFORMATION_FORMAT = "dwarf-with-dsym";
				ENABLE_NS_ASSERTIONS = NO;
				ENABLE_STRICT_OBJC_MSGSEND = YES;
				GCC_C_LANGUAGE_STANDARD = gnu11;
				GCC_NO_COMMON_BLOCKS = YES;
				GCC_WARN_64_TO_32_BIT_CONVERSION = YES;
				GCC_WARN_ABOUT_RETURN_TYPE = YES_ERROR;
				GCC_WARN_UNDECLARED_SELECTOR = YES;
				GCC_WARN_UNINITIALIZED_AUTOS = YES_AGGRESSIVE;
				GCC_WARN_UNUSED_FUNCTION = YES;
				GCC_WARN_UNUSED_VARIABLE = YES;
				IPHONEOS_DEPLOYMENT_TARGET = 12.0;
				MTL_ENABLE_DEBUG_INFO = NO;
				MTL_FAST_MATH = YES;
				SDKROOT = iphoneos;
				SWIFT_COMPILATION_MODE = wholemodule;
				SWIFT_OPTIMIZATION_LEVEL = "-O";
				VALIDATE_PRODUCT = YES;
			};
			name = Release;
		};
		87603124214AC7CC00D726CA /* Debug */ = {
			isa = XCBuildConfiguration;
			buildSettings = {
				ASSETCATALOG_COMPILER_APPICON_NAME = AppIcon;
				CODE_SIGN_STYLE = Automatic;
				DEVELOPMENT_TEAM = PR76A3EW2H;
				INFOPLIST_FILE = MoviesTonight/Info.plist;
				LD_RUNPATH_SEARCH_PATHS = (
					"$(inherited)",
					"@executable_path/Frameworks",
				);
				PRODUCT_BUNDLE_IDENTIFIER = Pawan.MoviesTonight;
				PRODUCT_NAME = "$(TARGET_NAME)";
				SWIFT_VERSION = 4.2;
				TARGETED_DEVICE_FAMILY = "1,2";
			};
			name = Debug;
		};
		87603125214AC7CC00D726CA /* Release */ = {
			isa = XCBuildConfiguration;
			buildSettings = {
				ASSETCATALOG_COMPILER_APPICON_NAME = AppIcon;
				CODE_SIGN_STYLE = Automatic;
				DEVELOPMENT_TEAM = PR76A3EW2H;
				INFOPLIST_FILE = MoviesTonight/Info.plist;
				LD_RUNPATH_SEARCH_PATHS = (
					"$(inherited)",
					"@executable_path/Frameworks",
				);
				PRODUCT_BUNDLE_IDENTIFIER = Pawan.MoviesTonight;
				PRODUCT_NAME = "$(TARGET_NAME)";
				SWIFT_VERSION = 4.2;
				TARGETED_DEVICE_FAMILY = "1,2";
			};
			name = Release;
		};
		87603127214AC7CC00D726CA /* Debug */ = {
			isa = XCBuildConfiguration;
			buildSettings = {
				ALWAYS_EMBED_SWIFT_STANDARD_LIBRARIES = YES;
				BUNDLE_LOADER = "$(TEST_HOST)";
				CODE_SIGN_STYLE = Automatic;
				DEVELOPMENT_TEAM = PR76A3EW2H;
				INFOPLIST_FILE = MoviesTonightTests/Info.plist;
				LD_RUNPATH_SEARCH_PATHS = (
					"$(inherited)",
					"@executable_path/Frameworks",
					"@loader_path/Frameworks",
				);
				PRODUCT_BUNDLE_IDENTIFIER = Pawan.MoviesTonightTests;
				PRODUCT_NAME = "$(TARGET_NAME)";
				SWIFT_VERSION = 4.2;
				TARGETED_DEVICE_FAMILY = "1,2";
				TEST_HOST = "$(BUILT_PRODUCTS_DIR)/MoviesTonight.app/MoviesTonight";
			};
			name = Debug;
		};
		87603128214AC7CC00D726CA /* Release */ = {
			isa = XCBuildConfiguration;
			buildSettings = {
				ALWAYS_EMBED_SWIFT_STANDARD_LIBRARIES = YES;
				BUNDLE_LOADER = "$(TEST_HOST)";
				CODE_SIGN_STYLE = Automatic;
				DEVELOPMENT_TEAM = PR76A3EW2H;
				INFOPLIST_FILE = MoviesTonightTests/Info.plist;
				LD_RUNPATH_SEARCH_PATHS = (
					"$(inherited)",
					"@executable_path/Frameworks",
					"@loader_path/Frameworks",
				);
				PRODUCT_BUNDLE_IDENTIFIER = Pawan.MoviesTonightTests;
				PRODUCT_NAME = "$(TARGET_NAME)";
				SWIFT_VERSION = 4.2;
				TARGETED_DEVICE_FAMILY = "1,2";
				TEST_HOST = "$(BUILT_PRODUCTS_DIR)/MoviesTonight.app/MoviesTonight";
			};
			name = Release;
		};
/* End XCBuildConfiguration section */

/* Begin XCConfigurationList section */
		876030FE214AC7CA00D726CA /* Build configuration list for PBXProject "MoviesTonight" */ = {
			isa = XCConfigurationList;
			buildConfigurations = (
				87603121214AC7CC00D726CA /* Debug */,
				87603122214AC7CC00D726CA /* Release */,
			);
			defaultConfigurationIsVisible = 0;
			defaultConfigurationName = Release;
		};
		87603123214AC7CC00D726CA /* Build configuration list for PBXNativeTarget "MoviesTonight" */ = {
			isa = XCConfigurationList;
			buildConfigurations = (
				87603124214AC7CC00D726CA /* Debug */,
				87603125214AC7CC00D726CA /* Release */,
			);
			defaultConfigurationIsVisible = 0;
			defaultConfigurationName = Release;
		};
		87603126214AC7CC00D726CA /* Build configuration list for PBXNativeTarget "MoviesTonightTests" */ = {
			isa = XCConfigurationList;
			buildConfigurations = (
				87603127214AC7CC00D726CA /* Debug */,
				87603128214AC7CC00D726CA /* Release */,
			);
			defaultConfigurationIsVisible = 0;
			defaultConfigurationName = Release;
		};
/* End XCConfigurationList section */

/* Begin XCVersionGroup section */
		8760310D214AC7CA00D726CA /* MoviesTonight.xcdatamodeld */ = {
			isa = XCVersionGroup;
			children = (
				8760310E214AC7CA00D726CA /* MoviesTonight.xcdatamodel */,
			);
			currentVersion = 8760310E214AC7CA00D726CA /* MoviesTonight.xcdatamodel */;
			path = MoviesTonight.xcdatamodeld;
			sourceTree = "<group>";
			versionGroupType = wrapper.xcdatamodel;
		};
/* End XCVersionGroup section */
	};
	rootObject = 876030FB214AC7CA00D726CA /* Project object */;
}
